PODS:
  - LaunchAtLogin (2.5.0)
  - PromiseKit (6.11.0):
    - PromiseKit/CorePromise (= 6.11.0)
    - PromiseKit/Foundation (= 6.11.0)
    - PromiseKit/UIKit (= 6.11.0)
  - PromiseKit/CorePromise (6.11.0)
  - PromiseKit/Foundation (6.11.0):
    - PromiseKit/CorePromise
  - UrbitClient (0.1.0)

DEPENDENCIES:
  - LaunchAtLogin (~> 2.5)
  - PromiseKit
  - UrbitClient (from `../UrbitClient`)

SPEC REPOS:
  https://github.com/CocoaPods/Specs.git:
    - LaunchAtLogin
    - PromiseKit

EXTERNAL SOURCES:
  UrbitClient:
    :path: "../UrbitClient"

SPEC CHECKSUMS:
  LaunchAtLogin: 94138ff26baefa09a29f5e6679a6f4c41ca6b416
  PromiseKit: e4863d06976e7dee5e41c04fc7371c16b3600292
  UrbitClient: 78eeba4af7ba4b0bff02ff0ee2bb8d9314cb8cd9

PODFILE CHECKSUM: 6977be640d90f9c3023b344a3e586e5ac006a973

COCOAPODS: 1.8.3
