// !$*UTF8*$!
{
	archiveVersion = 1;
	classes = {
	};
	objectVersion = 51;
	objects = {

/* Begin PBXBuildFile section */
		6517C25A235E9D0800E43464 /* NSSavePanel+Extensions.swift in Sources */ = {isa = PBXBuildFile; fileRef = 6517C259235E9D0800E43464 /* NSSavePanel+Extensions.swift */; };
		6554C71823D3D223007DDA59 /* NetworkExtension.framework in Frameworks */ = {isa = PBXBuildFile; fileRef = 6554C71723D3D223007DDA59 /* NetworkExtension.framework */; };
		656CA46223E789120083D198 /* NSAlert+Extensions.swift in Sources */ = {isa = PBXBuildFile; fileRef = 656CA46123E789120083D198 /* NSAlert+Extensions.swift */; };
		656CA46423E790630083D198 /* String+Extensions.swift in Sources */ = {isa = PBXBuildFile; fileRef = 656CA46323E790630083D198 /* String+Extensions.swift */; };
		656CA46623E7932C0083D198 /* NSUserNotification+Extensions.swift in Sources */ = {isa = PBXBuildFile; fileRef = 656CA46523E7932C0083D198 /* NSUserNotification+Extensions.swift */; };
		656EE8C323D519B400B4B68F /* NSOpenPanel+Extensions.swift in Sources */ = {isa = PBXBuildFile; fileRef = 656EE8C223D519B400B4B68F /* NSOpenPanel+Extensions.swift */; };
		6592D18C235AE8B40044886F /* AppDelegate.swift in Sources */ = {isa = PBXBuildFile; fileRef = 6592D18B235AE8B40044886F /* AppDelegate.swift */; };
		6592D190235AE8B60044886F /* Assets.xcassets in Resources */ = {isa = PBXBuildFile; fileRef = 6592D18F235AE8B60044886F /* Assets.xcassets */; };
		65A5AFC223D9340700D422C6 /* App.storyboard in Resources */ = {isa = PBXBuildFile; fileRef = 65A5AFC123D9340700D422C6 /* App.storyboard */; };
		65A5C5D223D94A6000D422C6 /* NSMenu+Extensions.swift in Sources */ = {isa = PBXBuildFile; fileRef = 65A5C5D023D94A6000D422C6 /* NSMenu+Extensions.swift */; };
		65A5C5D323D94A6000D422C6 /* NSMenuItem+Extensions.swift in Sources */ = {isa = PBXBuildFile; fileRef = 65A5C5D123D94A6000D422C6 /* NSMenuItem+Extensions.swift */; };
		65A5C5D923D95E6600D422C6 /* Bundle+Extensions.swift in Sources */ = {isa = PBXBuildFile; fileRef = 65A5C5D823D95E6600D422C6 /* Bundle+Extensions.swift */; };
		65A5C5DB23D9AB0B00D422C6 /* AppConstants.swift in Sources */ = {isa = PBXBuildFile; fileRef = 65A5C5DA23D9AB0B00D422C6 /* AppConstants.swift */; };
		65A5C5DE23DA413E00D422C6 /* Pier.swift in Sources */ = {isa = PBXBuildFile; fileRef = 65A5C5DD23DA413E00D422C6 /* Pier.swift */; };
		65A5C5E023DA414600D422C6 /* Ship.swift in Sources */ = {isa = PBXBuildFile; fileRef = 65A5C5DF23DA414600D422C6 /* Ship.swift */; };
		65A5C5E223DAD22300D422C6 /* NSWorkspace+Extensions.swift in Sources */ = {isa = PBXBuildFile; fileRef = 65A5C5E123DAD22300D422C6 /* NSWorkspace+Extensions.swift */; };
		B3895453CAC026B198D3FCD6 /* Pods_Urbit.framework in Frameworks */ = {isa = PBXBuildFile; fileRef = 124EA3947F7029437B4E6F14 /* Pods_Urbit.framework */; };
/* End PBXBuildFile section */

/* Begin PBXCopyFilesBuildPhase section */
		6517C22F235D485200E43464 /* CopyFiles */ = {
			isa = PBXCopyFilesBuildPhase;
			buildActionMask = 2147483647;
			dstPath = "";
			dstSubfolderSpec = 6;
			files = (
			);
			runOnlyForDeploymentPostprocessing = 0;
		};
/* End PBXCopyFilesBuildPhase section */

/* Begin PBXFileReference section */
		124EA3947F7029437B4E6F14 /* Pods_Urbit.framework */ = {isa = PBXFileReference; explicitFileType = wrapper.framework; includeInIndex = 0; path = Pods_Urbit.framework; sourceTree = BUILT_PRODUCTS_DIR; };
		3A373BCC77BA7E3570FA9E1D /* Pods-Urbit.release.xcconfig */ = {isa = PBXFileReference; includeInIndex = 1; lastKnownFileType = text.xcconfig; name = "Pods-Urbit.release.xcconfig"; path = "Target Support Files/Pods-Urbit/Pods-Urbit.release.xcconfig"; sourceTree = "<group>"; };
		6517C259235E9D0800E43464 /* NSSavePanel+Extensions.swift */ = {isa = PBXFileReference; lastKnownFileType = sourcecode.swift; path = "NSSavePanel+Extensions.swift"; sourceTree = "<group>"; };
		6554C71723D3D223007DDA59 /* NetworkExtension.framework */ = {isa = PBXFileReference; lastKnownFileType = wrapper.framework; name = NetworkExtension.framework; path = System/Library/Frameworks/NetworkExtension.framework; sourceTree = SDKROOT; };
		656CA46123E789120083D198 /* NSAlert+Extensions.swift */ = {isa = PBXFileReference; lastKnownFileType = sourcecode.swift; path = "NSAlert+Extensions.swift"; sourceTree = "<group>"; };
		656CA46323E790630083D198 /* String+Extensions.swift */ = {isa = PBXFileReference; lastKnownFileType = sourcecode.swift; path = "String+Extensions.swift"; sourceTree = "<group>"; };
		656CA46523E7932C0083D198 /* NSUserNotification+Extensions.swift */ = {isa = PBXFileReference; lastKnownFileType = sourcecode.swift; path = "NSUserNotification+Extensions.swift"; sourceTree = "<group>"; };
		656EE8C223D519B400B4B68F /* NSOpenPanel+Extensions.swift */ = {isa = PBXFileReference; lastKnownFileType = sourcecode.swift; path = "NSOpenPanel+Extensions.swift"; sourceTree = "<group>"; };
		6592D188235AE8B40044886F /* Urbit.app */ = {isa = PBXFileReference; explicitFileType = wrapper.application; includeInIndex = 0; path = Urbit.app; sourceTree = BUILT_PRODUCTS_DIR; };
		6592D18B235AE8B40044886F /* AppDelegate.swift */ = {isa = PBXFileReference; lastKnownFileType = sourcecode.swift; path = AppDelegate.swift; sourceTree = "<group>"; };
		6592D18F235AE8B60044886F /* Assets.xcassets */ = {isa = PBXFileReference; lastKnownFileType = folder.assetcatalog; path = Assets.xcassets; sourceTree = "<group>"; };
		6592D194235AE8B60044886F /* Info.plist */ = {isa = PBXFileReference; lastKnownFileType = text.plist.xml; path = Info.plist; sourceTree = "<group>"; };
		6592D195235AE8B60044886F /* Urbit.entitlements */ = {isa = PBXFileReference; lastKnownFileType = text.plist.entitlements; path = Urbit.entitlements; sourceTree = "<group>"; };
		6592D19B235AF0C20044886F /* README.md */ = {isa = PBXFileReference; lastKnownFileType = net.daringfireball.markdown; path = README.md; sourceTree = "<group>"; };
		65A5AFC123D9340700D422C6 /* App.storyboard */ = {isa = PBXFileReference; fileEncoding = 4; lastKnownFileType = file.storyboard; path = App.storyboard; sourceTree = "<group>"; };
		65A5C5D023D94A6000D422C6 /* NSMenu+Extensions.swift */ = {isa = PBXFileReference; fileEncoding = 4; lastKnownFileType = sourcecode.swift; path = "NSMenu+Extensions.swift"; sourceTree = "<group>"; };
		65A5C5D123D94A6000D422C6 /* NSMenuItem+Extensions.swift */ = {isa = PBXFileReference; fileEncoding = 4; lastKnownFileType = sourcecode.swift; path = "NSMenuItem+Extensions.swift"; sourceTree = "<group>"; };
		65A5C5D823D95E6600D422C6 /* Bundle+Extensions.swift */ = {isa = PBXFileReference; lastKnownFileType = sourcecode.swift; path = "Bundle+Extensions.swift"; sourceTree = "<group>"; };
		65A5C5DA23D9AB0B00D422C6 /* AppConstants.swift */ = {isa = PBXFileReference; lastKnownFileType = sourcecode.swift; path = AppConstants.swift; sourceTree = "<group>"; };
		65A5C5DD23DA413E00D422C6 /* Pier.swift */ = {isa = PBXFileReference; lastKnownFileType = sourcecode.swift; path = Pier.swift; sourceTree = "<group>"; };
		65A5C5DF23DA414600D422C6 /* Ship.swift */ = {isa = PBXFileReference; lastKnownFileType = sourcecode.swift; path = Ship.swift; sourceTree = "<group>"; };
		65A5C5E123DAD22300D422C6 /* NSWorkspace+Extensions.swift */ = {isa = PBXFileReference; lastKnownFileType = sourcecode.swift; path = "NSWorkspace+Extensions.swift"; sourceTree = "<group>"; };
		E1BDB1AB75C1075AA9CD9D6F /* Pods-Urbit.debug.xcconfig */ = {isa = PBXFileReference; includeInIndex = 1; lastKnownFileType = text.xcconfig; name = "Pods-Urbit.debug.xcconfig"; path = "Target Support Files/Pods-Urbit/Pods-Urbit.debug.xcconfig"; sourceTree = "<group>"; };
/* End PBXFileReference section */

/* Begin PBXFrameworksBuildPhase section */
		6592D185235AE8B40044886F /* Frameworks */ = {
			isa = PBXFrameworksBuildPhase;
			buildActionMask = 2147483647;
			files = (
				B3895453CAC026B198D3FCD6 /* Pods_Urbit.framework in Frameworks */,
				6554C71823D3D223007DDA59 /* NetworkExtension.framework in Frameworks */,
			);
			runOnlyForDeploymentPostprocessing = 0;
		};
/* End PBXFrameworksBuildPhase section */

/* Begin PBXGroup section */
		6517C258235E9CF500E43464 /* AppKit */ = {
			isa = PBXGroup;
			children = (
				656CA46123E789120083D198 /* NSAlert+Extensions.swift */,
				65A5C5D023D94A6000D422C6 /* NSMenu+Extensions.swift */,
				65A5C5D123D94A6000D422C6 /* NSMenuItem+Extensions.swift */,
				656EE8C223D519B400B4B68F /* NSOpenPanel+Extensions.swift */,
				6517C259235E9D0800E43464 /* NSSavePanel+Extensions.swift */,
				656CA46523E7932C0083D198 /* NSUserNotification+Extensions.swift */,
				65A5C5E123DAD22300D422C6 /* NSWorkspace+Extensions.swift */,
			);
			path = AppKit;
			sourceTree = "<group>";
		};
		651A3A88235C37AA008FF70E /* Resources */ = {
			isa = PBXGroup;
			children = (
				6592D18F235AE8B60044886F /* Assets.xcassets */,
			);
			path = Resources;
			sourceTree = "<group>";
		};
		651A3A89235C37BE008FF70E /* Supporting Files */ = {
			isa = PBXGroup;
			children = (
				6592D194235AE8B60044886F /* Info.plist */,
				6592D195235AE8B60044886F /* Urbit.entitlements */,
			);
			path = "Supporting Files";
			sourceTree = "<group>";
		};
		6592D17F235AE8B40044886F = {
			isa = PBXGroup;
			children = (
				6592D19B235AF0C20044886F /* README.md */,
				6592D18A235AE8B40044886F /* Urbit */,
				6592D189235AE8B40044886F /* Products */,
				CF2D10F5437BB348A38EF068 /* Pods */,
				F7F0099AE43D2D93FBD790A8 /* Frameworks */,
			);
			sourceTree = "<group>";
		};
		6592D189235AE8B40044886F /* Products */ = {
			isa = PBXGroup;
			children = (
				6592D188235AE8B40044886F /* Urbit.app */,
			);
			name = Products;
			sourceTree = "<group>";
		};
		6592D18A235AE8B40044886F /* Urbit */ = {
			isa = PBXGroup;
			children = (
				65A5AFC123D9340700D422C6 /* App.storyboard */,
				6592D18B235AE8B40044886F /* AppDelegate.swift */,
				65A5C5DA23D9AB0B00D422C6 /* AppConstants.swift */,
				65A5C5DC23DA412F00D422C6 /* Models */,
				65D0607D235C68EC00B03823 /* Extensions */,
				651A3A88235C37AA008FF70E /* Resources */,
				651A3A89235C37BE008FF70E /* Supporting Files */,
			);
			path = Urbit;
			sourceTree = "<group>";
		};
		65A5C5D723D95E5400D422C6 /* Foundation */ = {
			isa = PBXGroup;
			children = (
				65A5C5D823D95E6600D422C6 /* Bundle+Extensions.swift */,
				656CA46323E790630083D198 /* String+Extensions.swift */,
			);
			path = Foundation;
			sourceTree = "<group>";
		};
		65A5C5DC23DA412F00D422C6 /* Models */ = {
			isa = PBXGroup;
			children = (
				65A5C5DD23DA413E00D422C6 /* Pier.swift */,
				65A5C5DF23DA414600D422C6 /* Ship.swift */,
			);
			path = Models;
			sourceTree = "<group>";
		};
		65D0607D235C68EC00B03823 /* Extensions */ = {
			isa = PBXGroup;
			children = (
				6517C258235E9CF500E43464 /* AppKit */,
				65A5C5D723D95E5400D422C6 /* Foundation */,
			);
			path = Extensions;
			sourceTree = "<group>";
		};
		CF2D10F5437BB348A38EF068 /* Pods */ = {
			isa = PBXGroup;
			children = (
				E1BDB1AB75C1075AA9CD9D6F /* Pods-Urbit.debug.xcconfig */,
				3A373BCC77BA7E3570FA9E1D /* Pods-Urbit.release.xcconfig */,
			);
			path = Pods;
			sourceTree = "<group>";
		};
		F7F0099AE43D2D93FBD790A8 /* Frameworks */ = {
			isa = PBXGroup;
			children = (
				6554C71723D3D223007DDA59 /* NetworkExtension.framework */,
				124EA3947F7029437B4E6F14 /* Pods_Urbit.framework */,
			);
			name = Frameworks;
			sourceTree = "<group>";
		};
/* End PBXGroup section */

/* Begin PBXNativeTarget section */
		6592D187235AE8B40044886F /* Urbit */ = {
			isa = PBXNativeTarget;
			buildConfigurationList = 6592D198235AE8B60044886F /* Build configuration list for PBXNativeTarget "Urbit" */;
			buildPhases = (
				D8D04381B0448E5B23866001 /* [CP] Check Pods Manifest.lock */,
				6592D184235AE8B40044886F /* Sources */,
				6592D185235AE8B40044886F /* Frameworks */,
				6592D186235AE8B40044886F /* Resources */,
				6517C22F235D485200E43464 /* CopyFiles */,
				495DF139B83FF9DB42ED5E23 /* [CP] Embed Pods Frameworks */,
			);
			buildRules = (
			);
			dependencies = (
			);
			name = Urbit;
			productName = Urbit;
			productReference = 6592D188235AE8B40044886F /* Urbit.app */;
			productType = "com.apple.product-type.application";
		};
/* End PBXNativeTarget section */

/* Begin PBXProject section */
		6592D180235AE8B40044886F /* Project object */ = {
			isa = PBXProject;
			attributes = {
				LastSwiftUpdateCheck = 1100;
				LastUpgradeCheck = 1100;
				ORGANIZATIONNAME = Protonome;
				TargetAttributes = {
					6592D187235AE8B40044886F = {
						CreatedOnToolsVersion = 11.0;
					};
				};
			};
			buildConfigurationList = 6592D183235AE8B40044886F /* Build configuration list for PBXProject "Urbit" */;
			compatibilityVersion = "Xcode 9.3";
			developmentRegion = en;
			hasScannedForEncodings = 0;
			knownRegions = (
				en,
				Base,
			);
			mainGroup = 6592D17F235AE8B40044886F;
			productRefGroup = 6592D189235AE8B40044886F /* Products */;
			projectDirPath = "";
			projectRoot = "";
			targets = (
				6592D187235AE8B40044886F /* Urbit */,
			);
		};
/* End PBXProject section */

/* Begin PBXResourcesBuildPhase section */
		6592D186235AE8B40044886F /* Resources */ = {
			isa = PBXResourcesBuildPhase;
			buildActionMask = 2147483647;
			files = (
				6592D190235AE8B60044886F /* Assets.xcassets in Resources */,
				65A5AFC223D9340700D422C6 /* App.storyboard in Resources */,
			);
			runOnlyForDeploymentPostprocessing = 0;
		};
/* End PBXResourcesBuildPhase section */

/* Begin PBXShellScriptBuildPhase section */
		495DF139B83FF9DB42ED5E23 /* [CP] Embed Pods Frameworks */ = {
			isa = PBXShellScriptBuildPhase;
			buildActionMask = 2147483647;
			files = (
			);
			inputFileListPaths = (
				"${PODS_ROOT}/Target Support Files/Pods-Urbit/Pods-Urbit-frameworks-${CONFIGURATION}-input-files.xcfilelist",
			);
			name = "[CP] Embed Pods Frameworks";
			outputFileListPaths = (
				"${PODS_ROOT}/Target Support Files/Pods-Urbit/Pods-Urbit-frameworks-${CONFIGURATION}-output-files.xcfilelist",
			);
			runOnlyForDeploymentPostprocessing = 0;
			shellPath = /bin/sh;
			shellScript = "\"${PODS_ROOT}/Target Support Files/Pods-Urbit/Pods-Urbit-frameworks.sh\"\n";
			showEnvVarsInLog = 0;
		};
		D8D04381B0448E5B23866001 /* [CP] Check Pods Manifest.lock */ = {
			isa = PBXShellScriptBuildPhase;
			buildActionMask = 2147483647;
			files = (
			);
			inputFileListPaths = (
			);
			inputPaths = (
				"${PODS_PODFILE_DIR_PATH}/Podfile.lock",
				"${PODS_ROOT}/Manifest.lock",
			);
			name = "[CP] Check Pods Manifest.lock";
			outputFileListPaths = (
			);
			outputPaths = (
				"$(DERIVED_FILE_DIR)/Pods-Urbit-checkManifestLockResult.txt",
			);
			runOnlyForDeploymentPostprocessing = 0;
			shellPath = /bin/sh;
			shellScript = "diff \"${PODS_PODFILE_DIR_PATH}/Podfile.lock\" \"${PODS_ROOT}/Manifest.lock\" > /dev/null\nif [ $? != 0 ] ; then\n    # print error to STDERR\n    echo \"error: The sandbox is not in sync with the Podfile.lock. Run 'pod install' or update your CocoaPods installation.\" >&2\n    exit 1\nfi\n# This output is used by Xcode 'outputs' to avoid re-running this script phase.\necho \"SUCCESS\" > \"${SCRIPT_OUTPUT_FILE_0}\"\n";
			showEnvVarsInLog = 0;
		};
/* End PBXShellScriptBuildPhase section */

/* Begin PBXSourcesBuildPhase section */
		6592D184235AE8B40044886F /* Sources */ = {
			isa = PBXSourcesBuildPhase;
			buildActionMask = 2147483647;
			files = (
				656CA46223E789120083D198 /* NSAlert+Extensions.swift in Sources */,
				6517C25A235E9D0800E43464 /* NSSavePanel+Extensions.swift in Sources */,
				6592D18C235AE8B40044886F /* AppDelegate.swift in Sources */,
				65A5C5E223DAD22300D422C6 /* NSWorkspace+Extensions.swift in Sources */,
				656CA46423E790630083D198 /* String+Extensions.swift in Sources */,
				65A5C5D323D94A6000D422C6 /* NSMenuItem+Extensions.swift in Sources */,
				656EE8C323D519B400B4B68F /* NSOpenPanel+Extensions.swift in Sources */,
				65A5C5E023DA414600D422C6 /* Ship.swift in Sources */,
				65A5C5DB23D9AB0B00D422C6 /* AppConstants.swift in Sources */,
				65A5C5DE23DA413E00D422C6 /* Pier.swift in Sources */,
				65A5C5D223D94A6000D422C6 /* NSMenu+Extensions.swift in Sources */,
				656CA46623E7932C0083D198 /* NSUserNotification+Extensions.swift in Sources */,
				65A5C5D923D95E6600D422C6 /* Bundle+Extensions.swift in Sources */,
			);
			runOnlyForDeploymentPostprocessing = 0;
		};
/* End PBXSourcesBuildPhase section */

/* Begin XCBuildConfiguration section */
		6592D196235AE8B60044886F /* Debug */ = {
			isa = XCBuildConfiguration;
			buildSettings = {
				ALWAYS_SEARCH_USER_PATHS = NO;
				CLANG_ANALYZER_NONNULL = YES;
				CLANG_ANALYZER_NUMBER_OBJECT_CONVERSION = YES_AGGRESSIVE;
				CLANG_CXX_LANGUAGE_STANDARD = "gnu++14";
				CLANG_CXX_LIBRARY = "libc++";
				CLANG_ENABLE_MODULES = YES;
				CLANG_ENABLE_OBJC_ARC = YES;
				CLANG_ENABLE_OBJC_WEAK = YES;
				CLANG_WARN_BLOCK_CAPTURE_AUTORELEASING = YES;
				CLANG_WARN_BOOL_CONVERSION = YES;
				CLANG_WARN_COMMA = YES;
				CLANG_WARN_CONSTANT_CONVERSION = YES;
				CLANG_WARN_DEPRECATED_OBJC_IMPLEMENTATIONS = YES;
				CLANG_WARN_DIRECT_OBJC_ISA_USAGE = YES_ERROR;
				CLANG_WARN_DOCUMENTATION_COMMENTS = YES;
				CLANG_WARN_EMPTY_BODY = YES;
				CLANG_WARN_ENUM_CONVERSION = YES;
				CLANG_WARN_INFINITE_RECURSION = YES;
				CLANG_WARN_INT_CONVERSION = YES;
				CLANG_WARN_NON_LITERAL_NULL_CONVERSION = YES;
				CLANG_WARN_OBJC_IMPLICIT_RETAIN_SELF = YES;
				CLANG_WARN_OBJC_LITERAL_CONVERSION = YES;
				CLANG_WARN_OBJC_ROOT_CLASS = YES_ERROR;
				CLANG_WARN_RANGE_LOOP_ANALYSIS = YES;
				CLANG_WARN_STRICT_PROTOTYPES = YES;
				CLANG_WARN_SUSPICIOUS_MOVE = YES;
				CLANG_WARN_UNGUARDED_AVAILABILITY = YES_AGGRESSIVE;
				CLANG_WARN_UNREACHABLE_CODE = YES;
				CLANG_WARN__DUPLICATE_METHOD_MATCH = YES;
				COPY_PHASE_STRIP = NO;
				DEBUG_INFORMATION_FORMAT = dwarf;
				ENABLE_STRICT_OBJC_MSGSEND = YES;
				ENABLE_TESTABILITY = YES;
				GCC_C_LANGUAGE_STANDARD = gnu11;
				GCC_DYNAMIC_NO_PIC = NO;
				GCC_NO_COMMON_BLOCKS = YES;
				GCC_OPTIMIZATION_LEVEL = 0;
				GCC_PREPROCESSOR_DEFINITIONS = (
					"DEBUG=1",
					"$(inherited)",
				);
				GCC_WARN_64_TO_32_BIT_CONVERSION = YES;
				GCC_WARN_ABOUT_RETURN_TYPE = YES_ERROR;
				GCC_WARN_UNDECLARED_SELECTOR = YES;
				GCC_WARN_UNINITIALIZED_AUTOS = YES_AGGRESSIVE;
				GCC_WARN_UNUSED_FUNCTION = YES;
				GCC_WARN_UNUSED_VARIABLE = YES;
				MACOSX_DEPLOYMENT_TARGET = 10.15;
				MTL_ENABLE_DEBUG_INFO = INCLUDE_SOURCE;
				MTL_FAST_MATH = YES;
				ONLY_ACTIVE_ARCH = YES;
				SDKROOT = macosx;
				SWIFT_ACTIVE_COMPILATION_CONDITIONS = DEBUG;
				SWIFT_OPTIMIZATION_LEVEL = "-Onone";
			};
			name = Debug;
		};
		6592D197235AE8B60044886F /* Release */ = {
			isa = XCBuildConfiguration;
			buildSettings = {
				ALWAYS_SEARCH_USER_PATHS = NO;
				CLANG_ANALYZER_NONNULL = YES;
				CLANG_ANALYZER_NUMBER_OBJECT_CONVERSION = YES_AGGRESSIVE;
				CLANG_CXX_LANGUAGE_STANDARD = "gnu++14";
				CLANG_CXX_LIBRARY = "libc++";
				CLANG_ENABLE_MODULES = YES;
				CLANG_ENABLE_OBJC_ARC = YES;
				CLANG_ENABLE_OBJC_WEAK = YES;
				CLANG_WARN_BLOCK_CAPTURE_AUTORELEASING = YES;
				CLANG_WARN_BOOL_CONVERSION = YES;
				CLANG_WARN_COMMA = YES;
				CLANG_WARN_CONSTANT_CONVERSION = YES;
				CLANG_WARN_DEPRECATED_OBJC_IMPLEMENTATIONS = YES;
				CLANG_WARN_DIRECT_OBJC_ISA_USAGE = YES_ERROR;
				CLANG_WARN_DOCUMENTATION_COMMENTS = YES;
				CLANG_WARN_EMPTY_BODY = YES;
				CLANG_WARN_ENUM_CONVERSION = YES;
				CLANG_WARN_INFINITE_RECURSION = YES;
				CLANG_WARN_INT_CONVERSION = YES;
				CLANG_WARN_NON_LITERAL_NULL_CONVERSION = YES;
				CLANG_WARN_OBJC_IMPLICIT_RETAIN_SELF = YES;
				CLANG_WARN_OBJC_LITERAL_CONVERSION = YES;
				CLANG_WARN_OBJC_ROOT_CLASS = YES_ERROR;
				CLANG_WARN_RANGE_LOOP_ANALYSIS = YES;
				CLANG_WARN_STRICT_PROTOTYPES = YES;
				CLANG_WARN_SUSPICIOUS_MOVE = YES;
				CLANG_WARN_UNGUARDED_AVAILABILITY = YES_AGGRESSIVE;
				CLANG_WARN_UNREACHABLE_CODE = YES;
				CLANG_WARN__DUPLICATE_METHOD_MATCH = YES;
				COPY_PHASE_STRIP = NO;
				DEBUG_INFORMATION_FORMAT = "dwarf-with-dsym";
				ENABLE_NS_ASSERTIONS = NO;
				ENABLE_STRICT_OBJC_MSGSEND = YES;
				GCC_C_LANGUAGE_STANDARD = gnu11;
				GCC_NO_COMMON_BLOCKS = YES;
				GCC_WARN_64_TO_32_BIT_CONVERSION = YES;
				GCC_WARN_ABOUT_RETURN_TYPE = YES_ERROR;
				GCC_WARN_UNDECLARED_SELECTOR = YES;
				GCC_WARN_UNINITIALIZED_AUTOS = YES_AGGRESSIVE;
				GCC_WARN_UNUSED_FUNCTION = YES;
				GCC_WARN_UNUSED_VARIABLE = YES;
				MACOSX_DEPLOYMENT_TARGET = 10.15;
				MTL_ENABLE_DEBUG_INFO = NO;
				MTL_FAST_MATH = YES;
				SDKROOT = macosx;
				SWIFT_COMPILATION_MODE = wholemodule;
				SWIFT_OPTIMIZATION_LEVEL = "-O";
			};
			name = Release;
		};
		6592D199235AE8B60044886F /* Debug */ = {
			isa = XCBuildConfiguration;
			baseConfigurationReference = E1BDB1AB75C1075AA9CD9D6F /* Pods-Urbit.debug.xcconfig */;
			buildSettings = {
				ASSETCATALOG_COMPILER_APPICON_NAME = AppIcon;
				CODE_SIGN_ENTITLEMENTS = "Urbit/Supporting Files/Urbit.entitlements";
				CODE_SIGN_STYLE = Automatic;
				COMBINE_HIDPI_IMAGES = YES;
				DEVELOPMENT_TEAM = SP382Y6YUY;
				ENABLE_HARDENED_RUNTIME = YES;
				EXECUTABLE_NAME = "urbit-mac";
				INFOPLIST_FILE = "Urbit/Supporting Files/Info.plist";
				LD_RUNPATH_SEARCH_PATHS = (
					"$(inherited)",
					"@executable_path/../Frameworks",
				);
				OTHER_CODE_SIGN_FLAGS = "--deep";
				PRODUCT_BUNDLE_IDENTIFIER = com.protonome.Urbit;
				PRODUCT_NAME = "$(TARGET_NAME)";
				SWIFT_VERSION = 5.0;
			};
			name = Debug;
		};
		6592D19A235AE8B60044886F /* Release */ = {
			isa = XCBuildConfiguration;
			baseConfigurationReference = 3A373BCC77BA7E3570FA9E1D /* Pods-Urbit.release.xcconfig */;
			buildSettings = {
				ASSETCATALOG_COMPILER_APPICON_NAME = AppIcon;
				CODE_SIGN_ENTITLEMENTS = "Urbit/Supporting Files/Urbit.entitlements";
				CODE_SIGN_STYLE = Automatic;
				COMBINE_HIDPI_IMAGES = YES;
				DEVELOPMENT_TEAM = SP382Y6YUY;
				ENABLE_HARDENED_RUNTIME = YES;
				EXECUTABLE_NAME = "urbit-mac";
				INFOPLIST_FILE = "Urbit/Supporting Files/Info.plist";
				LD_RUNPATH_SEARCH_PATHS = (
					"$(inherited)",
					"@executable_path/../Frameworks",
				);
				OTHER_CODE_SIGN_FLAGS = "--deep";
				PRODUCT_BUNDLE_IDENTIFIER = com.protonome.Urbit;
				PRODUCT_NAME = "$(TARGET_NAME)";
				SWIFT_VERSION = 5.0;
			};
			name = Release;
		};
/* End XCBuildConfiguration section */

/* Begin XCConfigurationList section */
		6592D183235AE8B40044886F /* Build configuration list for PBXProject "Urbit" */ = {
			isa = XCConfigurationList;
			buildConfigurations = (
				6592D196235AE8B60044886F /* Debug */,
				6592D197235AE8B60044886F /* Release */,
			);
			defaultConfigurationIsVisible = 0;
			defaultConfigurationName = Release;
		};
		6592D198235AE8B60044886F /* Build configuration list for PBXNativeTarget "Urbit" */ = {
			isa = XCConfigurationList;
			buildConfigurations = (
				6592D199235AE8B60044886F /* Debug */,
				6592D19A235AE8B60044886F /* Release */,
			);
			defaultConfigurationIsVisible = 0;
			defaultConfigurationName = Release;
		};
/* End XCConfigurationList section */
	};
	rootObject = 6592D180235AE8B40044886F /* Project object */;
}
